
Microsoft Visual Studio Solution File, Format Version 12.00
# Visual Studio Version 17
VisualStudioVersion = 17.13.35913.81 d17.13
MinimumVisualStudioVersion = 10.0.40219.1
Project("{8BC9CEB8-8B4A-11D0-8D11-00A0C91BC942}") = "soundManagerTest", "soundManagerTest.vcxproj", "{CD11C115-E451-4EFF-A951-F4335A00646D}"
EndProject
Global
	GlobalSection(SolutionConfigurationPlatforms) = preSolution
		Debug|x64 = Debug|x64
		Debug|x86 = Debug|x86
		Release|x64 = Release|x64
		Release|x86 = Release|x86
	EndGlobalSection
	GlobalSection(ProjectConfigurationPlatforms) = postSolution
		{CD11C115-E451-4EFF-A951-F4335A00646D}.Debug|x64.ActiveCfg = Debug|x64
		{CD11C115-E451-4EFF-A951-F4335A00646D}.Debug|x64.Build.0 = Debug|x64
		{CD11C115-E451-4EFF-A951-F4335A00646D}.Debug|x86.ActiveCfg = Debug|Win32
		{CD11C115-E451-4EFF-A951-F4335A00646D}.Debug|x86.Build.0 = Debug|Win32
		{CD11C115-E451-4EFF-A951-F4335A00646D}.Release|x64.ActiveCfg = Release|x64
		{CD11C115-E451-4EFF-A951-F4335A00646D}.Release|x64.Build.0 = Release|x64
		{CD11C115-E451-4EFF-A951-F4335A00646D}.Release|x86.ActiveCfg = Release|Win32
		{CD11C115-E451-4EFF-A951-F4335A00646D}.Release|x86.Build.0 = Release|Win32
	EndGlobalSection
	GlobalSection(SolutionProperties) = preSolution
		HideSolutionNode = FALSE
	EndGlobalSection
	GlobalSection(ExtensibilityGlobals) = postSolution
		SolutionGuid = {EC04462F-64E7-493A-9CA8-27EFE381F858}
	EndGlobalSection
EndGlobal
